// !$*UTF8*$!
{
	archiveVersion = 1;
	classes = {
	};
	objectVersion = 56;
	objects = {

/* Begin PBXBuildFile section */
		2A9E46E42C042F7900EC4971 /* cameraSwiftApp.swift in Sources */ = {isa = PBXBuildFile; fileRef = 2A9E46E32C042F7900EC4971 /* cameraSwiftApp.swift */; };
		2A9E46E62C042F7900EC4971 /* ContentView.swift in Sources */ = {isa = PBXBuildFile; fileRef = 2A9E46E52C042F7900EC4971 /* ContentView.swift */; };
		2A9E46E82C042F7A00EC4971 /* Assets.xcassets in Resources */ = {isa = PBXBuildFile; fileRef = 2A9E46E72C042F7A00EC4971 /* Assets.xcassets */; };
		2A9E46EB2C042F7A00EC4971 /* Preview Assets.xcassets in Resources */ = {isa = PBXBuildFile; fileRef = 2A9E46EA2C042F7A00EC4971 /* Preview Assets.xcassets */; };
		2A9E46F32C04304600EC4971 /* SystemExtensionsManager.swift in Sources */ = {isa = PBXBuildFile; fileRef = 2A9E46F22C04304600EC4971 /* SystemExtensionsManager.swift */; };
		2A9E46FB2C04309600EC4971 /* ExtensionProvider.swift in Sources */ = {isa = PBXBuildFile; fileRef = 2A9E46FA2C04309600EC4971 /* ExtensionProvider.swift */; };
		2A9E46FD2C04309600EC4971 /* main.swift in Sources */ = {isa = PBXBuildFile; fileRef = 2A9E46FC2C04309600EC4971 /* main.swift */; };
		2A9E47022C04309600EC4971 /* zoom-camera.Extension.systemextension in Embed System Extensions */ = {isa = PBXBuildFile; fileRef = 2A9E46F82C04309600EC4971 /* zoom-camera.Extension.systemextension */; settings = {ATTRIBUTES = (RemoveHeadersOnCopy, ); }; };
		2A9E47082C0430A000EC4971 /* Config.swift in Sources */ = {isa = PBXBuildFile; fileRef = 2A9E47072C0430A000EC4971 /* Config.swift */; };
		2A9E47092C0430A000EC4971 /* Config.swift in Sources */ = {isa = PBXBuildFile; fileRef = 2A9E47072C0430A000EC4971 /* Config.swift */; };
		2A9E470B2C0437F100EC4971 /* ScreenRecorder.swift in Sources */ = {isa = PBXBuildFile; fileRef = 2A9E470A2C0437F100EC4971 /* ScreenRecorder.swift */; };
		2A9E470E2C04382B00EC4971 /* CaptureEngine.swift in Sources */ = {isa = PBXBuildFile; fileRef = 2A9E470D2C04382B00EC4971 /* CaptureEngine.swift */; };
		2A9E47102C04385600EC4971 /* CapturePreview.swift in Sources */ = {isa = PBXBuildFile; fileRef = 2A9E470F2C04385600EC4971 /* CapturePreview.swift */; };
		2A9E47122C04388800EC4971 /* MaterialView.swift in Sources */ = {isa = PBXBuildFile; fileRef = 2A9E47112C04388800EC4971 /* MaterialView.swift */; };
		2A9E47142C04391B00EC4971 /* ConfigurationView.swift in Sources */ = {isa = PBXBuildFile; fileRef = 2A9E47132C04391B00EC4971 /* ConfigurationView.swift */; };
		2AB4DA292C0BED27003103B8 /* VirtualCameraView.swift in Sources */ = {isa = PBXBuildFile; fileRef = 2AB4DA282C0BED27003103B8 /* VirtualCameraView.swift */; };
		2AB4DA2D2C0BEE9B003103B8 /* Info.plist in Resources */ = {isa = PBXBuildFile; fileRef = 2AB4DA2C2C0BEE9B003103B8 /* Info.plist */; };
/* End PBXBuildFile section */

/* Begin PBXContainerItemProxy section */
		2A9E47002C04309600EC4971 /* PBXContainerItemProxy */ = {
			isa = PBXContainerItemProxy;
			containerPortal = 2A9E46D82C042F7900EC4971 /* Project object */;
			proxyType = 1;
			remoteGlobalIDString = 2A9E46F72C04309600EC4971;
			remoteInfo = Extension;
		};
/* End PBXContainerItemProxy section */

/* Begin PBXCopyFilesBuildPhase section */
		2A9E47062C04309600EC4971 /* Embed System Extensions */ = {
			isa = PBXCopyFilesBuildPhase;
			buildActionMask = 2147483647;
			dstPath = "$(SYSTEM_EXTENSIONS_FOLDER_PATH)";
			dstSubfolderSpec = 16;
			files = (
				2A9E47022C04309600EC4971 /* zoom-camera.Extension.systemextension in Embed System Extensions */,
			);
			name = "Embed System Extensions";
			runOnlyForDeploymentPostprocessing = 0;
		};
/* End PBXCopyFilesBuildPhase section */

/* Begin PBXFileReference section */
		2A9E46E02C042F7900EC4971 /* zoom-camera.app */ = {isa = PBXFileReference; explicitFileType = wrapper.application; includeInIndex = 0; path = "zoom-camera.app"; sourceTree = BUILT_PRODUCTS_DIR; };
		2A9E46E32C042F7900EC4971 /* cameraSwiftApp.swift */ = {isa = PBXFileReference; lastKnownFileType = sourcecode.swift; path = cameraSwiftApp.swift; sourceTree = "<group>"; };
		2A9E46E52C042F7900EC4971 /* ContentView.swift */ = {isa = PBXFileReference; lastKnownFileType = sourcecode.swift; path = ContentView.swift; sourceTree = "<group>"; };
		2A9E46E72C042F7A00EC4971 /* Assets.xcassets */ = {isa = PBXFileReference; lastKnownFileType = folder.assetcatalog; path = Assets.xcassets; sourceTree = "<group>"; };
		2A9E46EA2C042F7A00EC4971 /* Preview Assets.xcassets */ = {isa = PBXFileReference; lastKnownFileType = folder.assetcatalog; path = "Preview Assets.xcassets"; sourceTree = "<group>"; };
		2A9E46EC2C042F7A00EC4971 /* zoom-camera.entitlements */ = {isa = PBXFileReference; lastKnownFileType = text.plist.entitlements; path = "zoom-camera.entitlements"; sourceTree = "<group>"; };
		2A9E46F22C04304600EC4971 /* SystemExtensionsManager.swift */ = {isa = PBXFileReference; lastKnownFileType = sourcecode.swift; path = SystemExtensionsManager.swift; sourceTree = "<group>"; };
		2A9E46F82C04309600EC4971 /* zoom-camera.Extension.systemextension */ = {isa = PBXFileReference; explicitFileType = "wrapper.system-extension"; includeInIndex = 0; path = "zoom-camera.Extension.systemextension"; sourceTree = BUILT_PRODUCTS_DIR; };
		2A9E46FA2C04309600EC4971 /* ExtensionProvider.swift */ = {isa = PBXFileReference; lastKnownFileType = sourcecode.swift; path = ExtensionProvider.swift; sourceTree = "<group>"; };
		2A9E46FC2C04309600EC4971 /* main.swift */ = {isa = PBXFileReference; lastKnownFileType = sourcecode.swift; path = main.swift; sourceTree = "<group>"; };
		2A9E46FE2C04309600EC4971 /* Info.plist */ = {isa = PBXFileReference; lastKnownFileType = text.plist.xml; path = Info.plist; sourceTree = "<group>"; };
		2A9E46FF2C04309600EC4971 /* Extension.entitlements */ = {isa = PBXFileReference; lastKnownFileType = text.plist.entitlements; path = Extension.entitlements; sourceTree = "<group>"; };
		2A9E47072C0430A000EC4971 /* Config.swift */ = {isa = PBXFileReference; lastKnownFileType = sourcecode.swift; path = Config.swift; sourceTree = "<group>"; };
		2A9E470A2C0437F100EC4971 /* ScreenRecorder.swift */ = {isa = PBXFileReference; lastKnownFileType = sourcecode.swift; path = ScreenRecorder.swift; sourceTree = "<group>"; };
		2A9E470D2C04382B00EC4971 /* CaptureEngine.swift */ = {isa = PBXFileReference; lastKnownFileType = sourcecode.swift; path = CaptureEngine.swift; sourceTree = "<group>"; };
		2A9E470F2C04385600EC4971 /* CapturePreview.swift */ = {isa = PBXFileReference; lastKnownFileType = sourcecode.swift; path = CapturePreview.swift; sourceTree = "<group>"; };
		2A9E47112C04388800EC4971 /* MaterialView.swift */ = {isa = PBXFileReference; lastKnownFileType = sourcecode.swift; path = MaterialView.swift; sourceTree = "<group>"; };
		2A9E47132C04391B00EC4971 /* ConfigurationView.swift */ = {isa = PBXFileReference; lastKnownFileType = sourcecode.swift; path = ConfigurationView.swift; sourceTree = "<group>"; };
		2AB4DA282C0BED27003103B8 /* VirtualCameraView.swift */ = {isa = PBXFileReference; lastKnownFileType = sourcecode.swift; path = VirtualCameraView.swift; sourceTree = "<group>"; };
		2AB4DA2C2C0BEE9B003103B8 /* Info.plist */ = {isa = PBXFileReference; lastKnownFileType = text.plist.xml; path = Info.plist; sourceTree = "<group>"; };
/* End PBXFileReference section */

/* Begin PBXFrameworksBuildPhase section */
		2A9E46DD2C042F7900EC4971 /* Frameworks */ = {
			isa = PBXFrameworksBuildPhase;
			buildActionMask = 2147483647;
			files = (
			);
			runOnlyForDeploymentPostprocessing = 0;
		};
		2A9E46F52C04309600EC4971 /* Frameworks */ = {
			isa = PBXFrameworksBuildPhase;
			buildActionMask = 2147483647;
			files = (
			);
			runOnlyForDeploymentPostprocessing = 0;
		};
/* End PBXFrameworksBuildPhase section */

/* Begin PBXGroup section */
		2A9E46D72C042F7900EC4971 = {
			isa = PBXGroup;
			children = (
				2A9E46E22C042F7900EC4971 /* zoom-camera */,
				2A9E46F92C04309600EC4971 /* Extension */,
				2A9E46E12C042F7900EC4971 /* Products */,
			);
			sourceTree = "<group>";
		};
		2A9E46E12C042F7900EC4971 /* Products */ = {
			isa = PBXGroup;
			children = (
				2A9E46E02C042F7900EC4971 /* zoom-camera.app */,
				2A9E46F82C04309600EC4971 /* zoom-camera.Extension.systemextension */,
			);
			name = Products;
			sourceTree = "<group>";
		};
		2A9E46E22C042F7900EC4971 /* zoom-camera */ = {
			isa = PBXGroup;
			children = (
				2AB4DA2C2C0BEE9B003103B8 /* Info.plist */,
				2A9E470C2C04380600EC4971 /* ScreenCaptureKit Files */,
				2A9E46E32C042F7900EC4971 /* cameraSwiftApp.swift */,
				2A9E46E52C042F7900EC4971 /* ContentView.swift */,
				2A9E46E72C042F7A00EC4971 /* Assets.xcassets */,
				2A9E46EC2C042F7A00EC4971 /* zoom-camera.entitlements */,
				2A9E46E92C042F7A00EC4971 /* Preview Content */,
				2A9E46F22C04304600EC4971 /* SystemExtensionsManager.swift */,
			);
			path = "zoom-camera";
			sourceTree = "<group>";
		};
		2A9E46E92C042F7A00EC4971 /* Preview Content */ = {
			isa = PBXGroup;
			children = (
				2A9E46EA2C042F7A00EC4971 /* Preview Assets.xcassets */,
			);
			path = "Preview Content";
			sourceTree = "<group>";
		};
		2A9E46F92C04309600EC4971 /* Extension */ = {
			isa = PBXGroup;
			children = (
				2A9E46FA2C04309600EC4971 /* ExtensionProvider.swift */,
				2A9E47072C0430A000EC4971 /* Config.swift */,
				2A9E46FC2C04309600EC4971 /* main.swift */,
				2A9E46FE2C04309600EC4971 /* Info.plist */,
				2A9E46FF2C04309600EC4971 /* Extension.entitlements */,
			);
			path = Extension;
			sourceTree = "<group>";
		};
		2A9E470C2C04380600EC4971 /* ScreenCaptureKit Files */ = {
			isa = PBXGroup;
			children = (
				2A9E470A2C0437F100EC4971 /* ScreenRecorder.swift */,
				2A9E470D2C04382B00EC4971 /* CaptureEngine.swift */,
				2A9E470F2C04385600EC4971 /* CapturePreview.swift */,
				2A9E47112C04388800EC4971 /* MaterialView.swift */,
				2A9E47132C04391B00EC4971 /* ConfigurationView.swift */,
				2AB4DA282C0BED27003103B8 /* VirtualCameraView.swift */,
			);
			path = "ScreenCaptureKit Files";
			sourceTree = "<group>";
		};
/* End PBXGroup section */

/* Begin PBXNativeTarget section */
		2A9E46DF2C042F7900EC4971 /* zoom-camera */ = {
			isa = PBXNativeTarget;
			buildConfigurationList = 2A9E46EF2C042F7A00EC4971 /* Build configuration list for PBXNativeTarget "zoom-camera" */;
			buildPhases = (
				2A9E46DC2C042F7900EC4971 /* Sources */,
				2A9E46DD2C042F7900EC4971 /* Frameworks */,
				2A9E46DE2C042F7900EC4971 /* Resources */,
				2A9E47062C04309600EC4971 /* Embed System Extensions */,
			);
			buildRules = (
			);
			dependencies = (
				2A9E47012C04309600EC4971 /* PBXTargetDependency */,
			);
			name = "zoom-camera";
			productName = cameraSwift;
			productReference = 2A9E46E02C042F7900EC4971 /* zoom-camera.app */;
			productType = "com.apple.product-type.application";
		};
		2A9E46F72C04309600EC4971 /* Extension */ = {
			isa = PBXNativeTarget;
			buildConfigurationList = 2A9E47032C04309600EC4971 /* Build configuration list for PBXNativeTarget "Extension" */;
			buildPhases = (
				2A9E46F42C04309600EC4971 /* Sources */,
				2A9E46F52C04309600EC4971 /* Frameworks */,
				2A9E46F62C04309600EC4971 /* Resources */,
			);
			buildRules = (
			);
			dependencies = (
			);
			name = Extension;
			productName = Extension;
			productReference = 2A9E46F82C04309600EC4971 /* zoom-camera.Extension.systemextension */;
			productType = "com.apple.product-type.system-extension";
		};
/* End PBXNativeTarget section */

/* Begin PBXProject section */
		2A9E46D82C042F7900EC4971 /* Project object */ = {
			isa = PBXProject;
			attributes = {
				BuildIndependentTargetsInParallel = 1;
				LastSwiftUpdateCheck = 1520;
				LastUpgradeCheck = 1520;
				TargetAttributes = {
					2A9E46DF2C042F7900EC4971 = {
						CreatedOnToolsVersion = 15.2;
					};
					2A9E46F72C04309600EC4971 = {
						CreatedOnToolsVersion = 15.2;
					};
				};
			};
			buildConfigurationList = 2A9E46DB2C042F7900EC4971 /* Build configuration list for PBXProject "zoom-camera" */;
			compatibilityVersion = "Xcode 14.0";
			developmentRegion = en;
			hasScannedForEncodings = 0;
			knownRegions = (
				en,
				Base,
			);
			mainGroup = 2A9E46D72C042F7900EC4971;
			productRefGroup = 2A9E46E12C042F7900EC4971 /* Products */;
			projectDirPath = "";
			projectRoot = "";
			targets = (
				2A9E46DF2C042F7900EC4971 /* zoom-camera */,
				2A9E46F72C04309600EC4971 /* Extension */,
			);
		};
/* End PBXProject section */

/* Begin PBXResourcesBuildPhase section */
		2A9E46DE2C042F7900EC4971 /* Resources */ = {
			isa = PBXResourcesBuildPhase;
			buildActionMask = 2147483647;
			files = (
				2A9E46EB2C042F7A00EC4971 /* Preview Assets.xcassets in Resources */,
				2A9E46E82C042F7A00EC4971 /* Assets.xcassets in Resources */,
				2AB4DA2D2C0BEE9B003103B8 /* Info.plist in Resources */,
			);
			runOnlyForDeploymentPostprocessing = 0;
		};
		2A9E46F62C04309600EC4971 /* Resources */ = {
			isa = PBXResourcesBuildPhase;
			buildActionMask = 2147483647;
			files = (
			);
			runOnlyForDeploymentPostprocessing = 0;
		};
/* End PBXResourcesBuildPhase section */

/* Begin PBXSourcesBuildPhase section */
		2A9E46DC2C042F7900EC4971 /* Sources */ = {
			isa = PBXSourcesBuildPhase;
			buildActionMask = 2147483647;
			files = (
				2A9E46E62C042F7900EC4971 /* ContentView.swift in Sources */,
				2AB4DA292C0BED27003103B8 /* VirtualCameraView.swift in Sources */,
				2A9E47142C04391B00EC4971 /* ConfigurationView.swift in Sources */,
				2A9E47082C0430A000EC4971 /* Config.swift in Sources */,
				2A9E47102C04385600EC4971 /* CapturePreview.swift in Sources */,
				2A9E46E42C042F7900EC4971 /* cameraSwiftApp.swift in Sources */,
				2A9E46F32C04304600EC4971 /* SystemExtensionsManager.swift in Sources */,
				2A9E470E2C04382B00EC4971 /* CaptureEngine.swift in Sources */,
				2A9E470B2C0437F100EC4971 /* ScreenRecorder.swift in Sources */,
				2A9E47122C04388800EC4971 /* MaterialView.swift in Sources */,
			);
			runOnlyForDeploymentPostprocessing = 0;
		};
		2A9E46F42C04309600EC4971 /* Sources */ = {
			isa = PBXSourcesBuildPhase;
			buildActionMask = 2147483647;
			files = (
				2A9E46FD2C04309600EC4971 /* main.swift in Sources */,
				2A9E46FB2C04309600EC4971 /* ExtensionProvider.swift in Sources */,
				2A9E47092C0430A000EC4971 /* Config.swift in Sources */,
			);
			runOnlyForDeploymentPostprocessing = 0;
		};
/* End PBXSourcesBuildPhase section */

/* Begin PBXTargetDependency section */
		2A9E47012C04309600EC4971 /* PBXTargetDependency */ = {
			isa = PBXTargetDependency;
			target = 2A9E46F72C04309600EC4971 /* Extension */;
			targetProxy = 2A9E47002C04309600EC4971 /* PBXContainerItemProxy */;
		};
/* End PBXTargetDependency section */

/* Begin XCBuildConfiguration section */
		2A9E46ED2C042F7A00EC4971 /* Debug */ = {
			isa = XCBuildConfiguration;
			buildSettings = {
				ALWAYS_SEARCH_USER_PATHS = NO;
				ASSETCATALOG_COMPILER_GENERATE_SWIFT_ASSET_SYMBOL_EXTENSIONS = YES;
				CLANG_ANALYZER_NONNULL = YES;
				CLANG_ANALYZER_NUMBER_OBJECT_CONVERSION = YES_AGGRESSIVE;
				CLANG_CXX_LANGUAGE_STANDARD = "gnu++20";
				CLANG_ENABLE_MODULES = YES;
				CLANG_ENABLE_OBJC_ARC = YES;
				CLANG_ENABLE_OBJC_WEAK = YES;
				CLANG_WARN_BLOCK_CAPTURE_AUTORELEASING = YES;
				CLANG_WARN_BOOL_CONVERSION = YES;
				CLANG_WARN_COMMA = YES;
				CLANG_WARN_CONSTANT_CONVERSION = YES;
				CLANG_WARN_DEPRECATED_OBJC_IMPLEMENTATIONS = YES;
				CLANG_WARN_DIRECT_OBJC_ISA_USAGE = YES_ERROR;
				CLANG_WARN_DOCUMENTATION_COMMENTS = YES;
				CLANG_WARN_EMPTY_BODY = YES;
				CLANG_WARN_ENUM_CONVERSION = YES;
				CLANG_WARN_INFINITE_RECURSION = YES;
				CLANG_WARN_INT_CONVERSION = YES;
				CLANG_WARN_NON_LITERAL_NULL_CONVERSION = YES;
				CLANG_WARN_OBJC_IMPLICIT_RETAIN_SELF = YES;
				CLANG_WARN_OBJC_LITERAL_CONVERSION = YES;
				CLANG_WARN_OBJC_ROOT_CLASS = YES_ERROR;
				CLANG_WARN_QUOTED_INCLUDE_IN_FRAMEWORK_HEADER = YES;
				CLANG_WARN_RANGE_LOOP_ANALYSIS = YES;
				CLANG_WARN_STRICT_PROTOTYPES = YES;
				CLANG_WARN_SUSPICIOUS_MOVE = YES;
				CLANG_WARN_UNGUARDED_AVAILABILITY = YES_AGGRESSIVE;
				CLANG_WARN_UNREACHABLE_CODE = YES;
				CLANG_WARN__DUPLICATE_METHOD_MATCH = YES;
				COPY_PHASE_STRIP = NO;
				DEBUG_INFORMATION_FORMAT = dwarf;
				ENABLE_STRICT_OBJC_MSGSEND = YES;
				ENABLE_TESTABILITY = YES;
				ENABLE_USER_SCRIPT_SANDBOXING = YES;
				GCC_C_LANGUAGE_STANDARD = gnu17;
				GCC_DYNAMIC_NO_PIC = NO;
				GCC_NO_COMMON_BLOCKS = YES;
				GCC_OPTIMIZATION_LEVEL = 0;
				GCC_PREPROCESSOR_DEFINITIONS = (
					"DEBUG=1",
					"$(inherited)",
				);
				GCC_WARN_64_TO_32_BIT_CONVERSION = YES;
				GCC_WARN_ABOUT_RETURN_TYPE = YES_ERROR;
				GCC_WARN_UNDECLARED_SELECTOR = YES;
				GCC_WARN_UNINITIALIZED_AUTOS = YES_AGGRESSIVE;
				GCC_WARN_UNUSED_FUNCTION = YES;
				GCC_WARN_UNUSED_VARIABLE = YES;
				LOCALIZATION_PREFERS_STRING_CATALOGS = YES;
				MACOSX_DEPLOYMENT_TARGET = 14.2;
				MTL_ENABLE_DEBUG_INFO = INCLUDE_SOURCE;
				MTL_FAST_MATH = YES;
				ONLY_ACTIVE_ARCH = YES;
				SDKROOT = macosx;
				SWIFT_ACTIVE_COMPILATION_CONDITIONS = "DEBUG $(inherited)";
				SWIFT_OPTIMIZATION_LEVEL = "-Onone";
			};
			name = Debug;
		};
		2A9E46EE2C042F7A00EC4971 /* Release */ = {
			isa = XCBuildConfiguration;
			buildSettings = {
				ALWAYS_SEARCH_USER_PATHS = NO;
				ASSETCATALOG_COMPILER_GENERATE_SWIFT_ASSET_SYMBOL_EXTENSIONS = YES;
				CLANG_ANALYZER_NONNULL = YES;
				CLANG_ANALYZER_NUMBER_OBJECT_CONVERSION = YES_AGGRESSIVE;
				CLANG_CXX_LANGUAGE_STANDARD = "gnu++20";
				CLANG_ENABLE_MODULES = YES;
				CLANG_ENABLE_OBJC_ARC = YES;
				CLANG_ENABLE_OBJC_WEAK = YES;
				CLANG_WARN_BLOCK_CAPTURE_AUTORELEASING = YES;
				CLANG_WARN_BOOL_CONVERSION = YES;
				CLANG_WARN_COMMA = YES;
				CLANG_WARN_CONSTANT_CONVERSION = YES;
				CLANG_WARN_DEPRECATED_OBJC_IMPLEMENTATIONS = YES;
				CLANG_WARN_DIRECT_OBJC_ISA_USAGE = YES_ERROR;
				CLANG_WARN_DOCUMENTATION_COMMENTS = YES;
				CLANG_WARN_EMPTY_BODY = YES;
				CLANG_WARN_ENUM_CONVERSION = YES;
				CLANG_WARN_INFINITE_RECURSION = YES;
				CLANG_WARN_INT_CONVERSION = YES;
				CLANG_WARN_NON_LITERAL_NULL_CONVERSION = YES;
				CLANG_WARN_OBJC_IMPLICIT_RETAIN_SELF = YES;
				CLANG_WARN_OBJC_LITERAL_CONVERSION = YES;
				CLANG_WARN_OBJC_ROOT_CLASS = YES_ERROR;
				CLANG_WARN_QUOTED_INCLUDE_IN_FRAMEWORK_HEADER = YES;
				CLANG_WARN_RANGE_LOOP_ANALYSIS = YES;
				CLANG_WARN_STRICT_PROTOTYPES = YES;
				CLANG_WARN_SUSPICIOUS_MOVE = YES;
				CLANG_WARN_UNGUARDED_AVAILABILITY = YES_AGGRESSIVE;
				CLANG_WARN_UNREACHABLE_CODE = YES;
				CLANG_WARN__DUPLICATE_METHOD_MATCH = YES;
				COPY_PHASE_STRIP = NO;
				DEBUG_INFORMATION_FORMAT = "dwarf-with-dsym";
				ENABLE_NS_ASSERTIONS = NO;
				ENABLE_STRICT_OBJC_MSGSEND = YES;
				ENABLE_USER_SCRIPT_SANDBOXING = YES;
				GCC_C_LANGUAGE_STANDARD = gnu17;
				GCC_NO_COMMON_BLOCKS = YES;
				GCC_WARN_64_TO_32_BIT_CONVERSION = YES;
				GCC_WARN_ABOUT_RETURN_TYPE = YES_ERROR;
				GCC_WARN_UNDECLARED_SELECTOR = YES;
				GCC_WARN_UNINITIALIZED_AUTOS = YES_AGGRESSIVE;
				GCC_WARN_UNUSED_FUNCTION = YES;
				GCC_WARN_UNUSED_VARIABLE = YES;
				LOCALIZATION_PREFERS_STRING_CATALOGS = YES;
				MACOSX_DEPLOYMENT_TARGET = 14.2;
				MTL_ENABLE_DEBUG_INFO = NO;
				MTL_FAST_MATH = YES;
				SDKROOT = macosx;
				SWIFT_COMPILATION_MODE = wholemodule;
			};
			name = Release;
		};
		2A9E46F02C042F7A00EC4971 /* Debug */ = {
			isa = XCBuildConfiguration;
			buildSettings = {
				ALWAYS_EMBED_SWIFT_STANDARD_LIBRARIES = YES;
				ASSETCATALOG_COMPILER_GLOBAL_ACCENT_COLOR_NAME = AccentColor;
				ASSETCATALOG_COMPILER_INCLUDE_ALL_APPICON_ASSETS = NO;
				CODE_SIGN_ENTITLEMENTS = "zoom-camera/zoom-camera.entitlements";
				"CODE_SIGN_IDENTITY[sdk=macosx*]" = "Apple Development";
				CODE_SIGN_STYLE = Automatic;
				COMBINE_HIDPI_IMAGES = YES;
				CURRENT_PROJECT_VERSION = 1;
				DEVELOPMENT_ASSET_PATHS = "\"zoom-camera/Preview Content\"";
				DEVELOPMENT_TEAM = 67C4BBFCAC;
				ENABLE_HARDENED_RUNTIME = YES;
				ENABLE_PREVIEWS = YES;
				GENERATE_INFOPLIST_FILE = YES;
				INFOPLIST_FILE = "zoom-camera/Info.plist";
				INFOPLIST_KEY_NSCameraUsageDescription = "We need access to your camera to display the camera feed.";
				INFOPLIST_KEY_NSHumanReadableCopyright = "";
				LD_RUNPATH_SEARCH_PATHS = (
					"$(inherited)",
					"@executable_path/../Frameworks",
				);
				MARKETING_VERSION = 1.0;
				PRODUCT_BUNDLE_IDENTIFIER = "zoom-camera";
				PRODUCT_NAME = "$(TARGET_NAME)";
				SWIFT_EMIT_LOC_STRINGS = YES;
				SWIFT_VERSION = 5.0;
			};
			name = Debug;
		};
		2A9E46F12C042F7A00EC4971 /* Release */ = {
			isa = XCBuildConfiguration;
			buildSettings = {
				ALWAYS_EMBED_SWIFT_STANDARD_LIBRARIES = YES;
				ASSETCATALOG_COMPILER_GLOBAL_ACCENT_COLOR_NAME = AccentColor;
				ASSETCATALOG_COMPILER_INCLUDE_ALL_APPICON_ASSETS = NO;
				CODE_SIGN_ENTITLEMENTS = "zoom-camera/zoom-camera.entitlements";
				"CODE_SIGN_IDENTITY[sdk=macosx*]" = "Apple Development";
				CODE_SIGN_STYLE = Automatic;
				COMBINE_HIDPI_IMAGES = YES;
				CURRENT_PROJECT_VERSION = 1;
				DEVELOPMENT_ASSET_PATHS = "\"zoom-camera/Preview Content\"";
				DEVELOPMENT_TEAM = 67C4BBFCAC;
				ENABLE_HARDENED_RUNTIME = YES;
				ENABLE_PREVIEWS = YES;
				GENERATE_INFOPLIST_FILE = YES;
				INFOPLIST_FILE = "zoom-camera/Info.plist";
				INFOPLIST_KEY_NSCameraUsageDescription = "We need access to your camera to display the camera feed.";
				INFOPLIST_KEY_NSHumanReadableCopyright = "";
				LD_RUNPATH_SEARCH_PATHS = (
					"$(inherited)",
					"@executable_path/../Frameworks",
				);
				MARKETING_VERSION = 1.0;
				PRODUCT_BUNDLE_IDENTIFIER = "zoom-camera";
				PRODUCT_NAME = "$(TARGET_NAME)";
				SWIFT_EMIT_LOC_STRINGS = YES;
				SWIFT_VERSION = 5.0;
			};
			name = Release;
		};
		2A9E47042C04309600EC4971 /* Debug */ = {
			isa = XCBuildConfiguration;
			buildSettings = {
				CODE_SIGN_ENTITLEMENTS = Extension/Extension.entitlements;
				CODE_SIGN_STYLE = Automatic;
				CURRENT_PROJECT_VERSION = 1;
				DEVELOPMENT_TEAM = 67C4BBFCAC;
				ENABLE_HARDENED_RUNTIME = YES;
				GENERATE_INFOPLIST_FILE = YES;
				INFOPLIST_FILE = Extension/Info.plist;
				INFOPLIST_KEY_CFBundleDisplayName = Extension;
				INFOPLIST_KEY_NSHumanReadableCopyright = "";
				INFOPLIST_KEY_NSSystemExtensionUsageDescription = "";
				LD_RUNPATH_SEARCH_PATHS = (
					"$(inherited)",
					"@executable_path/../Frameworks",
					"@executable_path/../../../../Frameworks",
				);
				MARKETING_VERSION = 1.0;
				PRODUCT_BUNDLE_IDENTIFIER = "zoom-camera.Extension";
				PRODUCT_NAME = "$(inherited)";
				SKIP_INSTALL = YES;
				SWIFT_EMIT_LOC_STRINGS = YES;
				SWIFT_VERSION = 5.0;
			};
			name = Debug;
		};
		2A9E47052C04309600EC4971 /* Release */ = {
			isa = XCBuildConfiguration;
			buildSettings = {
				CODE_SIGN_ENTITLEMENTS = Extension/Extension.entitlements;
				CODE_SIGN_STYLE = Automatic;
				CURRENT_PROJECT_VERSION = 1;
				DEVELOPMENT_TEAM = 67C4BBFCAC;
				ENABLE_HARDENED_RUNTIME = YES;
				GENERATE_INFOPLIST_FILE = YES;
				INFOPLIST_FILE = Extension/Info.plist;
				INFOPLIST_KEY_CFBundleDisplayName = Extension;
				INFOPLIST_KEY_NSHumanReadableCopyright = "";
				INFOPLIST_KEY_NSSystemExtensionUsageDescription = "";
				LD_RUNPATH_SEARCH_PATHS = (
					"$(inherited)",
					"@executable_path/../Frameworks",
					"@executable_path/../../../../Frameworks",
				);
				MARKETING_VERSION = 1.0;
				PRODUCT_BUNDLE_IDENTIFIER = "zoom-camera.Extension";
				PRODUCT_NAME = "$(inherited)";
				SKIP_INSTALL = YES;
				SWIFT_EMIT_LOC_STRINGS = YES;
				SWIFT_VERSION = 5.0;
			};
			name = Release;
		};
/* End XCBuildConfiguration section */

/* Begin XCConfigurationList section */
		2A9E46DB2C042F7900EC4971 /* Build configuration list for PBXProject "zoom-camera" */ = {
			isa = XCConfigurationList;
			buildConfigurations = (
				2A9E46ED2C042F7A00EC4971 /* Debug */,
				2A9E46EE2C042F7A00EC4971 /* Release */,
			);
			defaultConfigurationIsVisible = 0;
			defaultConfigurationName = Release;
		};
		2A9E46EF2C042F7A00EC4971 /* Build configuration list for PBXNativeTarget "zoom-camera" */ = {
			isa = XCConfigurationList;
			buildConfigurations = (
				2A9E46F02C042F7A00EC4971 /* Debug */,
				2A9E46F12C042F7A00EC4971 /* Release */,
			);
			defaultConfigurationIsVisible = 0;
			defaultConfigurationName = Release;
		};
		2A9E47032C04309600EC4971 /* Build configuration list for PBXNativeTarget "Extension" */ = {
			isa = XCConfigurationList;
			buildConfigurations = (
				2A9E47042C04309600EC4971 /* Debug */,
				2A9E47052C04309600EC4971 /* Release */,
			);
			defaultConfigurationIsVisible = 0;
			defaultConfigurationName = Release;
		};
/* End XCConfigurationList section */
	};
	rootObject = 2A9E46D82C042F7900EC4971 /* Project object */;
}
